
Microsoft Visual Studio Solution File, Format Version 12.00
# Visual Studio Version 17
VisualStudioVersion = 17.1.32228.430
MinimumVisualStudioVersion = 10.0.40219.1
Project("{FAE04EC0-301F-11D3-BF4B-00C04F79EFBC}") = "StoreFront1", "StoreFront1\StoreFront1.csproj", "{5D6C3303-DC52-48CC-9C0F-4E1BBE1A6A35}"
EndProject
Global
	GlobalSection(SolutionConfigurationPlatforms) = preSolution
		Debug|Any CPU = Debug|Any CPU
		Release|Any CPU = Release|Any CPU
	EndGlobalSection
	GlobalSection(ProjectConfigurationPlatforms) = postSolution
		{5D6C3303-DC52-48CC-9C0F-4E1BBE1A6A35}.Debug|Any CPU.ActiveCfg = Debug|Any CPU
		{5D6C3303-DC52-48CC-9C0F-4E1BBE1A6A35}.Debug|Any CPU.Build.0 = Debug|Any CPU
		{5D6C3303-DC52-48CC-9C0F-4E1BBE1A6A35}.Release|Any CPU.ActiveCfg = Release|Any CPU
		{5D6C3303-DC52-48CC-9C0F-4E1BBE1A6A35}.Release|Any CPU.Build.0 = Release|Any CPU
	EndGlobalSection
	GlobalSection(SolutionProperties) = preSolution
		HideSolutionNode = FALSE
	EndGlobalSection
	GlobalSection(ExtensibilityGlobals) = postSolution
		SolutionGuid = {3F2534D5-97DF-4F8A-BE55-45DD736A2FB2}
	EndGlobalSection
EndGlobal
